
Microsoft Visual Studio Solution File, Format Version 12.00
# Visual Studio Version 16
VisualStudioVersion = 16.0.30011.22
MinimumVisualStudioVersion = 10.0.40219.1
Project("{FAE04EC0-301F-11D3-BF4B-00C04F79EFBC}") = "Restaurante", "Restaurante\Restaurante.csproj", "{86B7FF22-B8E4-4A42-A933-448EBA3AD83B}"
EndProject
Global
	GlobalSection(SolutionConfigurationPlatforms) = preSolution
		Debug|Any CPU = Debug|Any CPU
		Release|Any CPU = Release|Any CPU
	EndGlobalSection
	GlobalSection(ProjectConfigurationPlatforms) = postSolution
		{86B7FF22-B8E4-4A42-A933-448EBA3AD83B}.Debug|Any CPU.ActiveCfg = Debug|Any CPU
		{86B7FF22-B8E4-4A42-A933-448EBA3AD83B}.Debug|Any CPU.Build.0 = Debug|Any CPU
		{86B7FF22-B8E4-4A42-A933-448EBA3AD83B}.Release|Any CPU.ActiveCfg = Release|Any CPU
		{86B7FF22-B8E4-4A42-A933-448EBA3AD83B}.Release|Any CPU.Build.0 = Release|Any CPU
	EndGlobalSection
	GlobalSection(SolutionProperties) = preSolution
		HideSolutionNode = FALSE
	EndGlobalSection
	GlobalSection(ExtensibilityGlobals) = postSolution
		SolutionGuid = {4DA4D0F1-98B5-4918-BDE5-D412037F9DD6}
	EndGlobalSection
EndGlobal
